// !$*UTF8*$!
{
	archiveVersion = 1;
	classes = {
	};
	objectVersion = 46;
	objects = {

/* Begin PBXBuildFile section */
		7DF3FBA019C8B78C00DBF9D3 /* AppDelegate.swift in Sources */ = {isa = PBXBuildFile; fileRef = 7DF3FB9F19C8B78C00DBF9D3 /* AppDelegate.swift */; };
		7DF3FBA219C8B78C00DBF9D3 /* ViewController.swift in Sources */ = {isa = PBXBuildFile; fileRef = 7DF3FBA119C8B78C00DBF9D3 /* ViewController.swift */; };
		7DF3FBA519C8B78C00DBF9D3 /* Main.storyboard in Resources */ = {isa = PBXBuildFile; fileRef = 7DF3FBA319C8B78C00DBF9D3 /* Main.storyboard */; };
		7DF3FBA719C8B78C00DBF9D3 /* Images.xcassets in Resources */ = {isa = PBXBuildFile; fileRef = 7DF3FBA619C8B78C00DBF9D3 /* Images.xcassets */; };
		7DF3FBAA19C8B78C00DBF9D3 /* LaunchScreen.xib in Resources */ = {isa = PBXBuildFile; fileRef = 7DF3FBA819C8B78C00DBF9D3 /* LaunchScreen.xib */; };
		7DF3FBB619C8B78C00DBF9D3 /* TestApp2Tests.swift in Sources */ = {isa = PBXBuildFile; fileRef = 7DF3FBB519C8B78C00DBF9D3 /* TestApp2Tests.swift */; };
/* End PBXBuildFile section */

/* Begin PBXContainerItemProxy section */
		7DF3FBB019C8B78C00DBF9D3 /* PBXContainerItemProxy */ = {
			isa = PBXContainerItemProxy;
			containerPortal = 7DF3FB9219C8B78C00DBF9D3 /* Project object */;
			proxyType = 1;
			remoteGlobalIDString = 7DF3FB9919C8B78C00DBF9D3;
			remoteInfo = TestApp2;
		};
/* End PBXContainerItemProxy section */

/* Begin PBXFileReference section */
		7DF3FB9A19C8B78C00DBF9D3 /* TestApp2.app */ = {isa = PBXFileReference; explicitFileType = wrapper.application; includeInIndex = 0; path = TestApp2.app; sourceTree = BUILT_PRODUCTS_DIR; };
		7DF3FB9E19C8B78C00DBF9D3 /* Info.plist */ = {isa = PBXFileReference; lastKnownFileType = text.plist.xml; path = Info.plist; sourceTree = "<group>"; };
		7DF3FB9F19C8B78C00DBF9D3 /* AppDelegate.swift */ = {isa = PBXFileReference; lastKnownFileType = sourcecode.swift; path = AppDelegate.swift; sourceTree = "<group>"; };
		7DF3FBA119C8B78C00DBF9D3 /* ViewController.swift */ = {isa = PBXFileReference; lastKnownFileType = sourcecode.swift; path = ViewController.swift; sourceTree = "<group>"; };
		7DF3FBA419C8B78C00DBF9D3 /* Base */ = {isa = PBXFileReference; lastKnownFileType = file.storyboard; name = Base; path = Base.lproj/Main.storyboard; sourceTree = "<group>"; };
		7DF3FBA619C8B78C00DBF9D3 /* Images.xcassets */ = {isa = PBXFileReference; lastKnownFileType = folder.assetcatalog; path = Images.xcassets; sourceTree = "<group>"; };
		7DF3FBA919C8B78C00DBF9D3 /* Base */ = {isa = PBXFileReference; lastKnownFileType = file.xib; name = Base; path = Base.lproj/LaunchScreen.xib; sourceTree = "<group>"; };
		7DF3FBAF19C8B78C00DBF9D3 /* TestApp2Tests.xctest */ = {isa = PBXFileReference; explicitFileType = wrapper.cfbundle; includeInIndex = 0; path = TestApp2Tests.xctest; sourceTree = BUILT_PRODUCTS_DIR; };
		7DF3FBB419C8B78C00DBF9D3 /* Info.plist */ = {isa = PBXFileReference; lastKnownFileType = text.plist.xml; path = Info.plist; sourceTree = "<group>"; };
		7DF3FBB519C8B78C00DBF9D3 /* TestApp2Tests.swift */ = {isa = PBXFileReference; lastKnownFileType = sourcecode.swift; path = TestApp2Tests.swift; sourceTree = "<group>"; };
/* End PBXFileReference section */

/* Begin PBXFrameworksBuildPhase section */
		7DF3FB9719C8B78C00DBF9D3 /* Frameworks */ = {
			isa = PBXFrameworksBuildPhase;
			buildActionMask = 2147483647;
			files = (
			);
			runOnlyForDeploymentPostprocessing = 0;
		};
		7DF3FBAC19C8B78C00DBF9D3 /* Frameworks */ = {
			isa = PBXFrameworksBuildPhase;
			buildActionMask = 2147483647;
			files = (
			);
			runOnlyForDeploymentPostprocessing = 0;
		};
/* End PBXFrameworksBuildPhase section */

/* Begin PBXGroup section */
		7DF3FB9119C8B78C00DBF9D3 = {
			isa = PBXGroup;
			children = (
				7DF3FB9C19C8B78C00DBF9D3 /* TestApp2 */,
				7DF3FBB219C8B78C00DBF9D3 /* TestApp2Tests */,
				7DF3FB9B19C8B78C00DBF9D3 /* Products */,
			);
			sourceTree = "<group>";
		};
		7DF3FB9B19C8B78C00DBF9D3 /* Products */ = {
			isa = PBXGroup;
			children = (
				7DF3FB9A19C8B78C00DBF9D3 /* TestApp2.app */,
				7DF3FBAF19C8B78C00DBF9D3 /* TestApp2Tests.xctest */,
			);
			name = Products;
			sourceTree = "<group>";
		};
		7DF3FB9C19C8B78C00DBF9D3 /* TestApp2 */ = {
			isa = PBXGroup;
			children = (
				7DF3FB9F19C8B78C00DBF9D3 /* AppDelegate.swift */,
				7DF3FBA119C8B78C00DBF9D3 /* ViewController.swift */,
				7DF3FBA319C8B78C00DBF9D3 /* Main.storyboard */,
				7DF3FBA619C8B78C00DBF9D3 /* Images.xcassets */,
				7DF3FBA819C8B78C00DBF9D3 /* LaunchScreen.xib */,
				7DF3FB9D19C8B78C00DBF9D3 /* Supporting Files */,
			);
			path = TestApp2;
			sourceTree = "<group>";
		};
		7DF3FB9D19C8B78C00DBF9D3 /* Supporting Files */ = {
			isa = PBXGroup;
			children = (
				7DF3FB9E19C8B78C00DBF9D3 /* Info.plist */,
			);
			name = "Supporting Files";
			sourceTree = "<group>";
		};
		7DF3FBB219C8B78C00DBF9D3 /* TestApp2Tests */ = {
			isa = PBXGroup;
			children = (
				7DF3FBB519C8B78C00DBF9D3 /* TestApp2Tests.swift */,
				7DF3FBB319C8B78C00DBF9D3 /* Supporting Files */,
			);
			path = TestApp2Tests;
			sourceTree = "<group>";
		};
		7DF3FBB319C8B78C00DBF9D3 /* Supporting Files */ = {
			isa = PBXGroup;
			children = (
				7DF3FBB419C8B78C00DBF9D3 /* Info.plist */,
			);
			name = "Supporting Files";
			sourceTree = "<group>";
		};
/* End PBXGroup section */

/* Begin PBXNativeTarget section */
		7DF3FB9919C8B78C00DBF9D3 /* TestApp2 */ = {
			isa = PBXNativeTarget;
			buildConfigurationList = 7DF3FBB919C8B78C00DBF9D3 /* Build configuration list for PBXNativeTarget "TestApp2" */;
			buildPhases = (
				7DF3FB9619C8B78C00DBF9D3 /* Sources */,
				7DF3FB9719C8B78C00DBF9D3 /* Frameworks */,
				7DF3FB9819C8B78C00DBF9D3 /* Resources */,
			);
			buildRules = (
			);
			dependencies = (
			);
			name = TestApp2;
			productName = TestApp2;
			productReference = 7DF3FB9A19C8B78C00DBF9D3 /* TestApp2.app */;
			productType = "com.apple.product-type.application";
		};
		7DF3FBAE19C8B78C00DBF9D3 /* TestApp2Tests */ = {
			isa = PBXNativeTarget;
			buildConfigurationList = 7DF3FBBC19C8B78C00DBF9D3 /* Build configuration list for PBXNativeTarget "TestApp2Tests" */;
			buildPhases = (
				7DF3FBAB19C8B78C00DBF9D3 /* Sources */,
				7DF3FBAC19C8B78C00DBF9D3 /* Frameworks */,
				7DF3FBAD19C8B78C00DBF9D3 /* Resources */,
			);
			buildRules = (
			);
			dependencies = (
				7DF3FBB119C8B78C00DBF9D3 /* PBXTargetDependency */,
			);
			name = TestApp2Tests;
			productName = TestApp2Tests;
			productReference = 7DF3FBAF19C8B78C00DBF9D3 /* TestApp2Tests.xctest */;
			productType = "com.apple.product-type.bundle.unit-test";
		};
/* End PBXNativeTarget section */

/* Begin PBXProject section */
		7DF3FB9219C8B78C00DBF9D3 /* Project object */ = {
			isa = PBXProject;
			attributes = {
				LastUpgradeCheck = 0600;
				ORGANIZATIONNAME = "Joe Fisher";
				TargetAttributes = {
					7DF3FB9919C8B78C00DBF9D3 = {
						CreatedOnToolsVersion = 6.0;
					};
					7DF3FBAE19C8B78C00DBF9D3 = {
						CreatedOnToolsVersion = 6.0;
						TestTargetID = 7DF3FB9919C8B78C00DBF9D3;
					};
				};
			};
			buildConfigurationList = 7DF3FB9519C8B78C00DBF9D3 /* Build configuration list for PBXProject "TestApp2" */;
			compatibilityVersion = "Xcode 3.2";
			developmentRegion = English;
			hasScannedForEncodings = 0;
			knownRegions = (
				en,
				Base,
			);
			mainGroup = 7DF3FB9119C8B78C00DBF9D3;
			productRefGroup = 7DF3FB9B19C8B78C00DBF9D3 /* Products */;
			projectDirPath = "";
			projectRoot = "";
			targets = (
				7DF3FB9919C8B78C00DBF9D3 /* TestApp2 */,
				7DF3FBAE19C8B78C00DBF9D3 /* TestApp2Tests */,
			);
		};
/* End PBXProject section */

/* Begin PBXResourcesBuildPhase section */
		7DF3FB9819C8B78C00DBF9D3 /* Resources */ = {
			isa = PBXResourcesBuildPhase;
			buildActionMask = 2147483647;
			files = (
				7DF3FBA519C8B78C00DBF9D3 /* Main.storyboard in Resources */,
				7DF3FBAA19C8B78C00DBF9D3 /* LaunchScreen.xib in Resources */,
				7DF3FBA719C8B78C00DBF9D3 /* Images.xcassets in Resources */,
			);
			runOnlyForDeploymentPostprocessing = 0;
		};
		7DF3FBAD19C8B78C00DBF9D3 /* Resources */ = {
			isa = PBXResourcesBuildPhase;
			buildActionMask = 2147483647;
			files = (
			);
			runOnlyForDeploymentPostprocessing = 0;
		};
/* End PBXResourcesBuildPhase section */

/* Begin PBXSourcesBuildPhase section */
		7DF3FB9619C8B78C00DBF9D3 /* Sources */ = {
			isa = PBXSourcesBuildPhase;
			buildActionMask = 2147483647;
			files = (
				7DF3FBA219C8B78C00DBF9D3 /* ViewController.swift in Sources */,
				7DF3FBA019C8B78C00DBF9D3 /* AppDelegate.swift in Sources */,
			);
			runOnlyForDeploymentPostprocessing = 0;
		};
		7DF3FBAB19C8B78C00DBF9D3 /* Sources */ = {
			isa = PBXSourcesBuildPhase;
			buildActionMask = 2147483647;
			files = (
				7DF3FBB619C8B78C00DBF9D3 /* TestApp2Tests.swift in Sources */,
			);
			runOnlyForDeploymentPostprocessing = 0;
		};
/* End PBXSourcesBuildPhase section */

/* Begin PBXTargetDependency section */
		7DF3FBB119C8B78C00DBF9D3 /* PBXTargetDependency */ = {
			isa = PBXTargetDependency;
			target = 7DF3FB9919C8B78C00DBF9D3 /* TestApp2 */;
			targetProxy = 7DF3FBB019C8B78C00DBF9D3 /* PBXContainerItemProxy */;
		};
/* End PBXTargetDependency section */

/* Begin PBXVariantGroup section */
		7DF3FBA319C8B78C00DBF9D3 /* Main.storyboard */ = {
			isa = PBXVariantGroup;
			children = (
				7DF3FBA419C8B78C00DBF9D3 /* Base */,
			);
			name = Main.storyboard;
			sourceTree = "<group>";
		};
		7DF3FBA819C8B78C00DBF9D3 /* LaunchScreen.xib */ = {
			isa = PBXVariantGroup;
			children = (
				7DF3FBA919C8B78C00DBF9D3 /* Base */,
			);
			name = LaunchScreen.xib;
			sourceTree = "<group>";
		};
/* End PBXVariantGroup section */

/* Begin XCBuildConfiguration section */
		7DF3FBB719C8B78C00DBF9D3 /* Debug */ = {
			isa = XCBuildConfiguration;
			buildSettings = {
				ALWAYS_SEARCH_USER_PATHS = NO;
				CLANG_CXX_LANGUAGE_STANDARD = "gnu++0x";
				CLANG_CXX_LIBRARY = "libc++";
				CLANG_ENABLE_MODULES = YES;
				CLANG_ENABLE_OBJC_ARC = YES;
				CLANG_WARN_BOOL_CONVERSION = YES;
				CLANG_WARN_CONSTANT_CONVERSION = YES;
				CLANG_WARN_DIRECT_OBJC_ISA_USAGE = YES_ERROR;
				CLANG_WARN_EMPTY_BODY = YES;
				CLANG_WARN_ENUM_CONVERSION = YES;
				CLANG_WARN_INT_CONVERSION = YES;
				CLANG_WARN_OBJC_ROOT_CLASS = YES_ERROR;
				CLANG_WARN_UNREACHABLE_CODE = YES;
				CLANG_WARN__DUPLICATE_METHOD_MATCH = YES;
				"CODE_SIGN_IDENTITY[sdk=iphoneos*]" = "iPhone Developer";
				COPY_PHASE_STRIP = NO;
				ENABLE_STRICT_OBJC_MSGSEND = YES;
				GCC_C_LANGUAGE_STANDARD = gnu99;
				GCC_DYNAMIC_NO_PIC = NO;
				GCC_OPTIMIZATION_LEVEL = 0;
				GCC_PREPROCESSOR_DEFINITIONS = (
					"DEBUG=1",
					"$(inherited)",
				);
				GCC_SYMBOLS_PRIVATE_EXTERN = NO;
				GCC_WARN_64_TO_32_BIT_CONVERSION = YES;
				GCC_WARN_ABOUT_RETURN_TYPE = YES_ERROR;
				GCC_WARN_UNDECLARED_SELECTOR = YES;
				GCC_WARN_UNINITIALIZED_AUTOS = YES_AGGRESSIVE;
				GCC_WARN_UNUSED_FUNCTION = YES;
				GCC_WARN_UNUSED_VARIABLE = YES;
				IPHONEOS_DEPLOYMENT_TARGET = 8.0;
				MTL_ENABLE_DEBUG_INFO = YES;
				ONLY_ACTIVE_ARCH = YES;
				SDKROOT = iphoneos;
				SWIFT_OPTIMIZATION_LEVEL = "-Onone";
			};
			name = Debug;
		};
		7DF3FBB819C8B78C00DBF9D3 /* Release */ = {
			isa = XCBuildConfiguration;
			buildSettings = {
				ALWAYS_SEARCH_USER_PATHS = NO;
				CLANG_CXX_LANGUAGE_STANDARD = "gnu++0x";
				CLANG_CXX_LIBRARY = "libc++";
				CLANG_ENABLE_MODULES = YES;
				CLANG_ENABLE_OBJC_ARC = YES;
				CLANG_WARN_BOOL_CONVERSION = YES;
				CLANG_WARN_CONSTANT_CONVERSION = YES;
				CLANG_WARN_DIRECT_OBJC_ISA_USAGE = YES_ERROR;
				CLANG_WARN_EMPTY_BODY = YES;
				CLANG_WARN_ENUM_CONVERSION = YES;
				CLANG_WARN_INT_CONVERSION = YES;
				CLANG_WARN_OBJC_ROOT_CLASS = YES_ERROR;
				CLANG_WARN_UNREACHABLE_CODE = YES;
				CLANG_WARN__DUPLICATE_METHOD_MATCH = YES;
				"CODE_SIGN_IDENTITY[sdk=iphoneos*]" = "iPhone Developer";
				COPY_PHASE_STRIP = YES;
				ENABLE_NS_ASSERTIONS = NO;
				ENABLE_STRICT_OBJC_MSGSEND = YES;
				GCC_C_LANGUAGE_STANDARD = gnu99;
				GCC_WARN_64_TO_32_BIT_CONVERSION = YES;
				GCC_WARN_ABOUT_RETURN_TYPE = YES_ERROR;
				GCC_WARN_UNDECLARED_SELECTOR = YES;
				GCC_WARN_UNINITIALIZED_AUTOS = YES_AGGRESSIVE;
				GCC_WARN_UNUSED_FUNCTION = YES;
				GCC_WARN_UNUSED_VARIABLE = YES;
				IPHONEOS_DEPLOYMENT_TARGET = 8.0;
				MTL_ENABLE_DEBUG_INFO = NO;
				SDKROOT = iphoneos;
				VALIDATE_PRODUCT = YES;
			};
			name = Release;
		};
		7DF3FBBA19C8B78C00DBF9D3 /* Debug */ = {
			isa = XCBuildConfiguration;
			buildSettings = {
				ASSETCATALOG_COMPILER_APPICON_NAME = AppIcon;
				INFOPLIST_FILE = TestApp2/Info.plist;
				LD_RUNPATH_SEARCH_PATHS = "$(inherited) @executable_path/Frameworks";
				PRODUCT_NAME = "$(TARGET_NAME)";
			};
			name = Debug;
		};
		7DF3FBBB19C8B78C00DBF9D3 /* Release */ = {
			isa = XCBuildConfiguration;
			buildSettings = {
				ASSETCATALOG_COMPILER_APPICON_NAME = AppIcon;
				INFOPLIST_FILE = TestApp2/Info.plist;
				LD_RUNPATH_SEARCH_PATHS = "$(inherited) @executable_path/Frameworks";
				PRODUCT_NAME = "$(TARGET_NAME)";
			};
			name = Release;
		};
		7DF3FBBD19C8B78C00DBF9D3 /* Debug */ = {
			isa = XCBuildConfiguration;
			buildSettings = {
				BUNDLE_LOADER = "$(TEST_HOST)";
				FRAMEWORK_SEARCH_PATHS = (
					"$(SDKROOT)/Developer/Library/Frameworks",
					"$(inherited)",
				);
				GCC_PREPROCESSOR_DEFINITIONS = (
					"DEBUG=1",
					"$(inherited)",
				);
				INFOPLIST_FILE = TestApp2Tests/Info.plist;
				LD_RUNPATH_SEARCH_PATHS = "$(inherited) @executable_path/Frameworks @loader_path/Frameworks";
				PRODUCT_NAME = "$(TARGET_NAME)";
				TEST_HOST = "$(BUILT_PRODUCTS_DIR)/TestApp2.app/TestApp2";
			};
			name = Debug;
		};
		7DF3FBBE19C8B78C00DBF9D3 /* Release */ = {
			isa = XCBuildConfiguration;
			buildSettings = {
				BUNDLE_LOADER = "$(TEST_HOST)";
				FRAMEWORK_SEARCH_PATHS = (
					"$(SDKROOT)/Developer/Library/Frameworks",
					"$(inherited)",
				);
				INFOPLIST_FILE = TestApp2Tests/Info.plist;
				LD_RUNPATH_SEARCH_PATHS = "$(inherited) @executable_path/Frameworks @loader_path/Frameworks";
				PRODUCT_NAME = "$(TARGET_NAME)";
				TEST_HOST = "$(BUILT_PRODUCTS_DIR)/TestApp2.app/TestApp2";
			};
			name = Release;
		};
/* End XCBuildConfiguration section */

/* Begin XCConfigurationList section */
		7DF3FB9519C8B78C00DBF9D3 /* Build configuration list for PBXProject "TestApp2" */ = {
			isa = XCConfigurationList;
			buildConfigurations = (
				7DF3FBB719C8B78C00DBF9D3 /* Debug */,
				7DF3FBB819C8B78C00DBF9D3 /* Release */,
			);
			defaultConfigurationIsVisible = 0;
			defaultConfigurationName = Release;
		};
		7DF3FBB919C8B78C00DBF9D3 /* Build configuration list for PBXNativeTarget "TestApp2" */ = {
			isa = XCConfigurationList;
			buildConfigurations = (
				7DF3FBBA19C8B78C00DBF9D3 /* Debug */,
				7DF3FBBB19C8B78C00DBF9D3 /* Release */,
			);
			defaultConfigurationIsVisible = 0;
		};
		7DF3FBBC19C8B78C00DBF9D3 /* Build configuration list for PBXNativeTarget "TestApp2Tests" */ = {
			isa = XCConfigurationList;
			buildConfigurations = (
				7DF3FBBD19C8B78C00DBF9D3 /* Debug */,
				7DF3FBBE19C8B78C00DBF9D3 /* Release */,
			);
			defaultConfigurationIsVisible = 0;
		};
/* End XCConfigurationList section */
	};
	rootObject = 7DF3FB9219C8B78C00DBF9D3 /* Project object */;
}
